{
  "name": "accessibility-analysis",
  "version": "1.0.0",
  "lockfileVersion": 3,
  "requires": true,
  "packages": {
    "": {
      "name": "accessibility-analysis",
      "version": "1.0.0",
      "license": "ISC",
      "dependencies": {
        "@actions/core": "^1.10.1",
        "@actions/github": "^6.0.0",
        "@userway/cicd-core": "^0.0.21"
      },
      "devDependencies": {
        "@types/node": "^20.11.19",
        "@vercel/ncc": "^0.38.1",
        "typescript": "^5.3.3"
      }
    },
    "node_modules/@actions/core": {
      "version": "1.10.1",
      "resolved": "https://userway-384064702811.d.codeartifact.us-west-2.amazonaws.com/npm/userway-npm/@actions/core/-/core-1.10.1.tgz",
      "integrity": "sha512-3lBR9EDAY+iYIpTnTIXmWcNbX3T2kCkAEQGIQx4NVQ0575nk2k3GRZDTPQG+vVtS2izSLmINlxXf0uLtnrTP+g==",
      "dependencies": {
        "@actions/http-client": "^2.0.1",
        "uuid": "^8.3.2"
      }
    },
    "node_modules/@actions/github": {
      "version": "6.0.0",
      "resolved": "https://userway-384064702811.d.codeartifact.us-west-2.amazonaws.com/npm/userway-npm/@actions/github/-/github-6.0.0.tgz",
      "integrity": "sha512-alScpSVnYmjNEXboZjarjukQEzgCRmjMv6Xj47fsdnqGS73bjJNDpiiXmp8jr0UZLdUB6d9jW63IcmddUP+l0g==",
      "dependencies": {
        "@actions/http-client": "^2.2.0",
        "@octokit/core": "^5.0.1",
        "@octokit/plugin-paginate-rest": "^9.0.0",
        "@octokit/plugin-rest-endpoint-methods": "^10.0.0"
      }
    },
    "node_modules/@actions/http-client": {
      "version": "2.2.1",
      "resolved": "https://userway-384064702811.d.codeartifact.us-west-2.amazonaws.com/npm/userway-npm/@actions/http-client/-/http-client-2.2.1.tgz",
      "integrity": "sha512-KhC/cZsq7f8I4LfZSJKgCvEwfkE8o1538VoBeoGzokVLLnbFDEAdFD3UhoMklxo2un9NJVBdANOresx7vTHlHw==",
      "dependencies": {
        "tunnel": "^0.0.6",
        "undici": "^5.25.4"
      }
    },
    "node_modules/@fastify/busboy": {
      "version": "2.1.1",
      "resolved": "https://userway-384064702811.d.codeartifact.us-west-2.amazonaws.com/npm/userway-npm/@fastify/busboy/-/busboy-2.1.1.tgz",
      "integrity": "sha512-vBZP4NlzfOlerQTnba4aqZoMhE/a9HY7HRqoOPaETQcSQuWEIyZMHGfVu6w9wGtGK5fED5qRs2DteVCjOH60sA==",
      "engines": {
        "node": ">=14"
      }
    },
    "node_modules/@ngrok/ngrok": {
      "version": "0.9.1",
      "resolved": "https://userway-384064702811.d.codeartifact.us-west-2.amazonaws.com/npm/userway-npm/@ngrok/ngrok/-/ngrok-0.9.1.tgz",
      "integrity": "sha512-G9C+ih9aiaQ2MGia2TEpxObQiJAyZXETD9FgwDqUuAk6Hq0Unby7XogdAH2H6hWkTBCkEYdTtA6397Bd2Vr2dQ==",
      "engines": {
        "node": ">= 10"
      },
      "optionalDependencies": {
        "@ngrok/ngrok-android-arm-eabi": "0.9.1",
        "@ngrok/ngrok-android-arm64": "0.9.1",
        "@ngrok/ngrok-darwin-arm64": "0.9.1",
        "@ngrok/ngrok-darwin-universal": "0.9.1",
        "@ngrok/ngrok-darwin-x64": "0.9.1",
        "@ngrok/ngrok-freebsd-x64": "0.9.1",
        "@ngrok/ngrok-linux-arm-gnueabihf": "0.9.1",
        "@ngrok/ngrok-linux-arm64-gnu": "0.9.1",
        "@ngrok/ngrok-linux-arm64-musl": "0.9.1",
        "@ngrok/ngrok-linux-x64-gnu": "0.9.1",
        "@ngrok/ngrok-linux-x64-musl": "0.9.1",
        "@ngrok/ngrok-win32-ia32-msvc": "0.9.1",
        "@ngrok/ngrok-win32-x64-msvc": "0.9.1"
      }
    },
    "node_modules/@ngrok/ngrok-android-arm-eabi": {
      "version": "0.9.1",
      "resolved": "https://userway-384064702811.d.codeartifact.us-west-2.amazonaws.com/npm/userway-npm/@ngrok/ngrok-android-arm-eabi/-/ngrok-android-arm-eabi-0.9.1.tgz",
      "integrity": "sha512-/kQdjpBEsYjeo7rya0nA0uv5btoCk9aj0qqO2zMyeOO3m2qRIMH9lveCe1mOYPP4nNljPSq6JYa9qCrt5yMXUw==",
      "optional": true,
      "engines": {
        "node": ">= 10"
      }
    },
    "node_modules/@ngrok/ngrok-android-arm64": {
      "version": "0.9.1",
      "resolved": "https://userway-384064702811.d.codeartifact.us-west-2.amazonaws.com/npm/userway-npm/@ngrok/ngrok-android-arm64/-/ngrok-android-arm64-0.9.1.tgz",
      "integrity": "sha512-vtenZxSqLYHQoVQK5llQ0xaizLEmZpWQGv7OwbwSOhDD8YgnEeqZx+Rmbz4VwiLhAnwZ6MG08DFYkVeG5nI/Gg==",
      "optional": true,
      "engines": {
        "node": ">= 10"
      }
    },
    "node_modules/@ngrok/ngrok-darwin-arm64": {
      "version": "0.9.1",
      "resolved": "https://userway-384064702811.d.codeartifact.us-west-2.amazonaws.com/npm/userway-npm/@ngrok/ngrok-darwin-arm64/-/ngrok-darwin-arm64-0.9.1.tgz",
      "integrity": "sha512-UGm8PE1WY/+4WnejpXWf8aqKMOaxLqMavU7C+j3HKoe7Bk/7mZsGafPkGHoczvZXx1L3nqCm6O3yN5YzzqfZUw==",
      "optional": true,
      "engines": {
        "node": ">= 10"
      }
    },
    "node_modules/@ngrok/ngrok-darwin-universal": {
      "version": "0.9.1",
      "resolved": "https://userway-384064702811.d.codeartifact.us-west-2.amazonaws.com/npm/userway-npm/@ngrok/ngrok-darwin-universal/-/ngrok-darwin-universal-0.9.1.tgz",
      "integrity": "sha512-cfcRqpreLSFpYHDdrB+KMiZwRFylmbD5cE3V5J/Lb6C7Vmu5MdZRMdMN5qafvdmEx96tH+zR45GbD58+vobLyw==",
      "optional": true,
      "engines": {
        "node": ">= 10"
      }
    },
    "node_modules/@ngrok/ngrok-darwin-x64": {
      "version": "0.9.1",
      "resolved": "https://userway-384064702811.d.codeartifact.us-west-2.amazonaws.com/npm/userway-npm/@ngrok/ngrok-darwin-x64/-/ngrok-darwin-x64-0.9.1.tgz",
      "integrity": "sha512-fURb7XTKh/RyB7vWeUHd/HntRKqQqGI3ZDhkgGS8bG6fllqj9lK5tlutinfU3dwE/R/g2LMauvscS3fqPdFaJA==",
      "optional": true,
      "engines": {
        "node": ">= 10"
      }
    },
    "node_modules/@ngrok/ngrok-freebsd-x64": {
      "version": "0.9.1",
      "resolved": "https://userway-384064702811.d.codeartifact.us-west-2.amazonaws.com/npm/userway-npm/@ngrok/ngrok-freebsd-x64/-/ngrok-freebsd-x64-0.9.1.tgz",
      "integrity": "sha512-8ANg7z1Ob4G/Aa275c+HiEDR3UEP/QlqQN+HKCmoPODfwY9sIG5+ioviGYkLWMwZ6f1f1zFV8+ETV93mzboi4g==",
      "optional": true,
      "engines": {
        "node": ">= 10"
      }
    },
    "node_modules/@ngrok/ngrok-linux-arm-gnueabihf": {
      "version": "0.9.1",
      "resolved": "https://userway-384064702811.d.codeartifact.us-west-2.amazonaws.com/npm/userway-npm/@ngrok/ngrok-linux-arm-gnueabihf/-/ngrok-linux-arm-gnueabihf-0.9.1.tgz",
      "integrity": "sha512-p3iTPJCVoXdptO3Jvb/SQFwvHe1Hw+Y8xVnVi3dnQQHVHqZxK9ye+HjXH/AFTmEG5IZTlZoz2qHtpwCBWO5LLg==",
      "optional": true,
      "engines": {
        "node": ">= 10"
      }
    },
    "node_modules/@ngrok/ngrok-linux-arm64-gnu": {
      "version": "0.9.1",
      "resolved": "https://userway-384064702811.d.codeartifact.us-west-2.amazonaws.com/npm/userway-npm/@ngrok/ngrok-linux-arm64-gnu/-/ngrok-linux-arm64-gnu-0.9.1.tgz",
      "integrity": "sha512-8CKxPqZnAsZmTXZTuOEQVmc2nOWbRpV5cjAxpsDk5cqyY6HPN08XqnAX+8mhcFvjsGViTHnrmny0Fxwvf4g/MQ==",
      "optional": true,
      "engines": {
        "node": ">= 10"
      }
    },
    "node_modules/@ngrok/ngrok-linux-arm64-musl": {
      "version": "0.9.1",
      "resolved": "https://userway-384064702811.d.codeartifact.us-west-2.amazonaws.com/npm/userway-npm/@ngrok/ngrok-linux-arm64-musl/-/ngrok-linux-arm64-musl-0.9.1.tgz",
      "integrity": "sha512-GaD2+PvLTEnQdALHtwWPpaSHK3YHfF2FnI8Ze6ohiXVVCKxYVGXAZ6EmMeVnv7+t/zxcHyTcS91REUX51IWCiQ==",
      "optional": true,
      "engines": {
        "node": ">= 10"
      }
    },
    "node_modules/@ngrok/ngrok-linux-x64-gnu": {
      "version": "0.9.1",
      "resolved": "https://userway-384064702811.d.codeartifact.us-west-2.amazonaws.com/npm/userway-npm/@ngrok/ngrok-linux-x64-gnu/-/ngrok-linux-x64-gnu-0.9.1.tgz",
      "integrity": "sha512-Hh0KBIuFtNaaeZj3px1UlkXwqZpiCsvcyu7wQ4U1rKJTRw79Qh7Ulm78uJ0a3mmG7J0yokUnCkPGsrpLcj7fbQ==",
      "optional": true,
      "engines": {
        "node": ">= 10"
      }
    },
    "node_modules/@ngrok/ngrok-linux-x64-musl": {
      "version": "0.9.1",
      "resolved": "https://userway-384064702811.d.codeartifact.us-west-2.amazonaws.com/npm/userway-npm/@ngrok/ngrok-linux-x64-musl/-/ngrok-linux-x64-musl-0.9.1.tgz",
      "integrity": "sha512-OBitwuCkedTyr92VF0T/hTYQ0Y+HDEUVrDWTVxkdaSbp5mTNscUVelrUYkVDYdFiHg+PXyF4qHJq+IlrqShoiQ==",
      "optional": true,
      "engines": {
        "node": ">= 10"
      }
    },
    "node_modules/@ngrok/ngrok-win32-ia32-msvc": {
      "version": "0.9.1",
      "resolved": "https://userway-384064702811.d.codeartifact.us-west-2.amazonaws.com/npm/userway-npm/@ngrok/ngrok-win32-ia32-msvc/-/ngrok-win32-ia32-msvc-0.9.1.tgz",
      "integrity": "sha512-oYtgsu5FdrSaLlpiJjmcD8wMdkd/QaoojKnTjimBgvTyq64e1WgjtycGk6JESO08gpbd/3p1MCx2FmzBjzsdOw==",
      "optional": true,
      "engines": {
        "node": ">= 10"
      }
    },
    "node_modules/@ngrok/ngrok-win32-x64-msvc": {
      "version": "0.9.1",
      "resolved": "https://userway-384064702811.d.codeartifact.us-west-2.amazonaws.com/npm/userway-npm/@ngrok/ngrok-win32-x64-msvc/-/ngrok-win32-x64-msvc-0.9.1.tgz",
      "integrity": "sha512-98Qum+DOIr50FM9A+BrwHPNbcpk0S23uSPlzNTvARybUFYgp6UxVCvZ6P/anZNVDSS+F+mHoIokS5X3Liwka4Q==",
      "optional": true,
      "engines": {
        "node": ">= 10"
      }
    },
    "node_modules/@octokit/auth-token": {
      "version": "4.0.0",
      "resolved": "https://userway-384064702811.d.codeartifact.us-west-2.amazonaws.com/npm/userway-npm/@octokit/auth-token/-/auth-token-4.0.0.tgz",
      "integrity": "sha512-tY/msAuJo6ARbK6SPIxZrPBms3xPbfwBrulZe0Wtr/DIY9lje2HeV1uoebShn6mx7SjCHif6EjMvoREj+gZ+SA==",
      "engines": {
        "node": ">= 18"
      }
    },
    "node_modules/@octokit/core": {
      "version": "5.1.0",
      "resolved": "https://userway-384064702811.d.codeartifact.us-west-2.amazonaws.com/npm/userway-npm/@octokit/core/-/core-5.1.0.tgz",
      "integrity": "sha512-BDa2VAMLSh3otEiaMJ/3Y36GU4qf6GI+VivQ/P41NC6GHcdxpKlqV0ikSZ5gdQsmS3ojXeRx5vasgNTinF0Q4g==",
      "dependencies": {
        "@octokit/auth-token": "^4.0.0",
        "@octokit/graphql": "^7.0.0",
        "@octokit/request": "^8.0.2",
        "@octokit/request-error": "^5.0.0",
        "@octokit/types": "^12.0.0",
        "before-after-hook": "^2.2.0",
        "universal-user-agent": "^6.0.0"
      },
      "engines": {
        "node": ">= 18"
      }
    },
    "node_modules/@octokit/endpoint": {
      "version": "9.0.4",
      "resolved": "https://userway-384064702811.d.codeartifact.us-west-2.amazonaws.com/npm/userway-npm/@octokit/endpoint/-/endpoint-9.0.4.tgz",
      "integrity": "sha512-DWPLtr1Kz3tv8L0UvXTDP1fNwM0S+z6EJpRcvH66orY6Eld4XBMCSYsaWp4xIm61jTWxK68BrR7ibO+vSDnZqw==",
      "dependencies": {
        "@octokit/types": "^12.0.0",
        "universal-user-agent": "^6.0.0"
      },
      "engines": {
        "node": ">= 18"
      }
    },
    "node_modules/@octokit/graphql": {
      "version": "7.0.2",
      "resolved": "https://userway-384064702811.d.codeartifact.us-west-2.amazonaws.com/npm/userway-npm/@octokit/graphql/-/graphql-7.0.2.tgz",
      "integrity": "sha512-OJ2iGMtj5Tg3s6RaXH22cJcxXRi7Y3EBqbHTBRq+PQAqfaS8f/236fUrWhfSn8P4jovyzqucxme7/vWSSZBX2Q==",
      "dependencies": {
        "@octokit/request": "^8.0.1",
        "@octokit/types": "^12.0.0",
        "universal-user-agent": "^6.0.0"
      },
      "engines": {
        "node": ">= 18"
      }
    },
    "node_modules/@octokit/openapi-types": {
      "version": "20.0.0",
      "resolved": "https://userway-384064702811.d.codeartifact.us-west-2.amazonaws.com/npm/userway-npm/@octokit/openapi-types/-/openapi-types-20.0.0.tgz",
      "integrity": "sha512-EtqRBEjp1dL/15V7WiX5LJMIxxkdiGJnabzYx5Apx4FkQIFgAfKumXeYAqqJCj1s+BMX4cPFIFC4OLCR6stlnA=="
    },
    "node_modules/@octokit/plugin-paginate-rest": {
      "version": "9.2.1",
      "resolved": "https://userway-384064702811.d.codeartifact.us-west-2.amazonaws.com/npm/userway-npm/@octokit/plugin-paginate-rest/-/plugin-paginate-rest-9.2.1.tgz",
      "integrity": "sha512-wfGhE/TAkXZRLjksFXuDZdmGnJQHvtU/joFQdweXUgzo1XwvBCD4o4+75NtFfjfLK5IwLf9vHTfSiU3sLRYpRw==",
      "dependencies": {
        "@octokit/types": "^12.6.0"
      },
      "engines": {
        "node": ">= 18"
      },
      "peerDependencies": {
        "@octokit/core": "5"
      }
    },
    "node_modules/@octokit/plugin-rest-endpoint-methods": {
      "version": "10.4.1",
      "resolved": "https://userway-384064702811.d.codeartifact.us-west-2.amazonaws.com/npm/userway-npm/@octokit/plugin-rest-endpoint-methods/-/plugin-rest-endpoint-methods-10.4.1.tgz",
      "integrity": "sha512-xV1b+ceKV9KytQe3zCVqjg+8GTGfDYwaT1ATU5isiUyVtlVAO3HNdzpS4sr4GBx4hxQ46s7ITtZrAsxG22+rVg==",
      "dependencies": {
        "@octokit/types": "^12.6.0"
      },
      "engines": {
        "node": ">= 18"
      },
      "peerDependencies": {
        "@octokit/core": "5"
      }
    },
    "node_modules/@octokit/request": {
      "version": "8.2.0",
      "resolved": "https://userway-384064702811.d.codeartifact.us-west-2.amazonaws.com/npm/userway-npm/@octokit/request/-/request-8.2.0.tgz",
      "integrity": "sha512-exPif6x5uwLqv1N1irkLG1zZNJkOtj8bZxuVHd71U5Ftuxf2wGNvAJyNBcPbPC+EBzwYEbBDdSFb8EPcjpYxPQ==",
      "dependencies": {
        "@octokit/endpoint": "^9.0.0",
        "@octokit/request-error": "^5.0.0",
        "@octokit/types": "^12.0.0",
        "universal-user-agent": "^6.0.0"
      },
      "engines": {
        "node": ">= 18"
      }
    },
    "node_modules/@octokit/request-error": {
      "version": "5.0.1",
      "resolved": "https://userway-384064702811.d.codeartifact.us-west-2.amazonaws.com/npm/userway-npm/@octokit/request-error/-/request-error-5.0.1.tgz",
      "integrity": "sha512-X7pnyTMV7MgtGmiXBwmO6M5kIPrntOXdyKZLigNfQWSEQzVxR4a4vo49vJjTWX70mPndj8KhfT4Dx+2Ng3vnBQ==",
      "dependencies": {
        "@octokit/types": "^12.0.0",
        "deprecation": "^2.0.0",
        "once": "^1.4.0"
      },
      "engines": {
        "node": ">= 18"
      }
    },
    "node_modules/@octokit/types": {
      "version": "12.6.0",
      "resolved": "https://userway-384064702811.d.codeartifact.us-west-2.amazonaws.com/npm/userway-npm/@octokit/types/-/types-12.6.0.tgz",
      "integrity": "sha512-1rhSOfRa6H9w4YwK0yrf5faDaDTb+yLyBUKOCV4xtCDB5VmIPqd/v9yr9o6SAzOAlRxMiRiCic6JVM1/kunVkw==",
      "dependencies": {
        "@octokit/openapi-types": "^20.0.0"
      }
    },
    "node_modules/@supercharge/promise-pool": {
      "version": "3.1.1",
      "resolved": "https://userway-384064702811.d.codeartifact.us-west-2.amazonaws.com/npm/userway-npm/@supercharge/promise-pool/-/promise-pool-3.1.1.tgz",
      "integrity": "sha512-TgCm6jVqMPv+OgD5uBNND/CkCwNDdXPQlcprtnXsWSBpTCy0q5CI6vRj+jsUiXE1xeRaKIX4UeaYJqzZBL92sg==",
      "engines": {
        "node": ">=8"
      }
    },
    "node_modules/@types/node": {
      "version": "20.11.24",
      "resolved": "https://userway-384064702811.d.codeartifact.us-west-2.amazonaws.com/npm/userway-npm/@types/node/-/node-20.11.24.tgz",
      "integrity": "sha512-Kza43ewS3xoLgCEpQrsT+xRo/EJej1y0kVYGiLFE1NEODXGzTfwiC6tXTLMQskn1X4/Rjlh0MQUvx9W+L9long==",
      "dev": true,
      "dependencies": {
        "undici-types": "~5.26.4"
      }
    },
    "node_modules/@userway/a11y-knowledge-base": {
      "version": "0.0.3-next.1",
      "resolved": "https://userway-384064702811.d.codeartifact.us-west-2.amazonaws.com/npm/userway-npm/@userway/a11y-knowledge-base/-/a11y-knowledge-base-0.0.3-next.1.tgz",
      "integrity": "sha512-frKZXfwZ66UH9majzIySNHMur9GLk+IOgWZOrZGAivGnZ8L2JTa/x1ERE+VngXM0622dtWrSaw3AeyiOTIlNhg==",
      "engines": {
        "node": ">=18.6.0"
      }
    },
    "node_modules/@userway/cicd-core": {
      "version": "0.0.21",
      "resolved": "https://userway-384064702811.d.codeartifact.us-west-2.amazonaws.com/npm/userway-npm/@userway/cicd-core/-/cicd-core-0.0.21.tgz",
      "integrity": "sha512-VQfez/F/LxSi7U7hsKIUg99uKSB9YVqJ2Or/5EaGHpNc/kjO3Z3RNIIwsuDjKut6HJdGmlvGiFsNPoDh1TFOPQ==",
      "dependencies": {
        "@ngrok/ngrok": "^0.9.1",
        "@supercharge/promise-pool": "^3.1.0",
        "@userway/continuous-a11y-api": "0.0.63",
        "axios": "^1.6.7",
        "axios-retry": "^4.0.0",
        "form-data": "^4.0.0",
        "zod": "^3.22.4"
      }
    },
    "node_modules/@userway/continuous-a11y-api": {
      "version": "0.0.63",
      "resolved": "https://userway-384064702811.d.codeartifact.us-west-2.amazonaws.com/npm/userway-npm/@userway/continuous-a11y-api/-/continuous-a11y-api-0.0.63.tgz",
      "integrity": "sha512-dSVNpS68zljW9Sj+6EMaSwJLz8NVzEqtnfrUr4g0i+tdSs8CrI5dd0v7GrerEa/ZnhG3WlIxjQmr4xG1POcXig==",
      "dependencies": {
        "@userway/a11y-knowledge-base": "0.0.3-next.1"
      }
    },
    "node_modules/@vercel/ncc": {
      "version": "0.38.1",
      "resolved": "https://userway-384064702811.d.codeartifact.us-west-2.amazonaws.com/npm/userway-npm/@vercel/ncc/-/ncc-0.38.1.tgz",
      "integrity": "sha512-IBBb+iI2NLu4VQn3Vwldyi2QwaXt5+hTyh58ggAMoCGE6DJmPvwL3KPBWcJl1m9LYPChBLE980Jw+CS4Wokqxw==",
      "dev": true,
      "bin": {
        "ncc": "dist/ncc/cli.js"
      }
    },
    "node_modules/asynckit": {
      "version": "0.4.0",
      "resolved": "https://userway-384064702811.d.codeartifact.us-west-2.amazonaws.com/npm/userway-npm/asynckit/-/asynckit-0.4.0.tgz",
      "integrity": "sha512-Oei9OH4tRh0YqU3GxhX79dM/mwVgvbZJaSNaRk+bshkj0S5cfHcgYakreBjrHwatXKbz+IoIdYLxrKim2MjW0Q=="
    },
    "node_modules/axios": {
      "version": "1.6.7",
      "resolved": "https://userway-384064702811.d.codeartifact.us-west-2.amazonaws.com/npm/userway-npm/axios/-/axios-1.6.7.tgz",
      "integrity": "sha512-/hDJGff6/c7u0hDkvkGxR/oy6CbCs8ziCsC7SqmhjfozqiJGc8Z11wrv9z9lYfY4K8l+H9TpjcMDX0xOZmx+RA==",
      "dependencies": {
        "follow-redirects": "^1.15.4",
        "form-data": "^4.0.0",
        "proxy-from-env": "^1.1.0"
      }
    },
    "node_modules/axios-retry": {
      "version": "4.0.0",
      "resolved": "https://userway-384064702811.d.codeartifact.us-west-2.amazonaws.com/npm/userway-npm/axios-retry/-/axios-retry-4.0.0.tgz",
      "integrity": "sha512-F6P4HVGITD/v4z9Lw2mIA24IabTajvpDZmKa6zq/gGwn57wN5j1P3uWrAV0+diqnW6kTM2fTqmWNfgYWGmMuiA==",
      "dependencies": {
        "is-retry-allowed": "^2.2.0"
      },
      "peerDependencies": {
        "axios": "0.x || 1.x"
      }
    },
    "node_modules/before-after-hook": {
      "version": "2.2.3",
      "resolved": "https://userway-384064702811.d.codeartifact.us-west-2.amazonaws.com/npm/userway-npm/before-after-hook/-/before-after-hook-2.2.3.tgz",
      "integrity": "sha512-NzUnlZexiaH/46WDhANlyR2bXRopNg4F/zuSA3OpZnllCUgRaOF2znDioDWrmbNVsuZk6l9pMquQB38cfBZwkQ=="
    },
    "node_modules/combined-stream": {
      "version": "1.0.8",
      "resolved": "https://userway-384064702811.d.codeartifact.us-west-2.amazonaws.com/npm/userway-npm/combined-stream/-/combined-stream-1.0.8.tgz",
      "integrity": "sha512-FQN4MRfuJeHf7cBbBMJFXhKSDq+2kAArBlmRBvcvFE5BB1HZKXtSFASDhdlz9zOYwxh8lDdnvmMOe/+5cdoEdg==",
      "dependencies": {
        "delayed-stream": "~1.0.0"
      },
      "engines": {
        "node": ">= 0.8"
      }
    },
    "node_modules/delayed-stream": {
      "version": "1.0.0",
      "resolved": "https://userway-384064702811.d.codeartifact.us-west-2.amazonaws.com/npm/userway-npm/delayed-stream/-/delayed-stream-1.0.0.tgz",
      "integrity": "sha512-ZySD7Nf91aLB0RxL4KGrKHBXl7Eds1DAmEdcoVawXnLD7SDhpNgtuII2aAkg7a7QS41jxPSZ17p4VdGnMHk3MQ==",
      "engines": {
        "node": ">=0.4.0"
      }
    },
    "node_modules/deprecation": {
      "version": "2.3.1",
      "resolved": "https://userway-384064702811.d.codeartifact.us-west-2.amazonaws.com/npm/userway-npm/deprecation/-/deprecation-2.3.1.tgz",
      "integrity": "sha512-xmHIy4F3scKVwMsQ4WnVaS8bHOx0DmVwRywosKhaILI0ywMDWPtBSku2HNxRvF7jtwDRsoEwYQSfbxj8b7RlJQ=="
    },
    "node_modules/follow-redirects": {
      "version": "1.15.5",
      "resolved": "https://userway-384064702811.d.codeartifact.us-west-2.amazonaws.com/npm/userway-npm/follow-redirects/-/follow-redirects-1.15.5.tgz",
      "integrity": "sha512-vSFWUON1B+yAw1VN4xMfxgn5fTUiaOzAJCKBwIIgT/+7CuGy9+r+5gITvP62j3RmaD5Ph65UaERdOSRGUzZtgw==",
      "funding": [
        {
          "type": "individual",
          "url": "https://github.com/sponsors/RubenVerborgh"
        }
      ],
      "engines": {
        "node": ">=4.0"
      },
      "peerDependenciesMeta": {
        "debug": {
          "optional": true
        }
      }
    },
    "node_modules/form-data": {
      "version": "4.0.0",
      "resolved": "https://userway-384064702811.d.codeartifact.us-west-2.amazonaws.com/npm/userway-npm/form-data/-/form-data-4.0.0.tgz",
      "integrity": "sha512-ETEklSGi5t0QMZuiXoA/Q6vcnxcLQP5vdugSpuAyi6SVGi2clPPp+xgEhuMaHC+zGgn31Kd235W35f7Hykkaww==",
      "dependencies": {
        "asynckit": "^0.4.0",
        "combined-stream": "^1.0.8",
        "mime-types": "^2.1.12"
      },
      "engines": {
        "node": ">= 6"
      }
    },
    "node_modules/is-retry-allowed": {
      "version": "2.2.0",
      "resolved": "https://userway-384064702811.d.codeartifact.us-west-2.amazonaws.com/npm/userway-npm/is-retry-allowed/-/is-retry-allowed-2.2.0.tgz",
      "integrity": "sha512-XVm7LOeLpTW4jV19QSH38vkswxoLud8sQ57YwJVTPWdiaI9I8keEhGFpBlslyVsgdQy4Opg8QOLb8YRgsyZiQg==",
      "engines": {
        "node": ">=10"
      },
      "funding": {
        "url": "https://github.com/sponsors/sindresorhus"
      }
    },
    "node_modules/mime-db": {
      "version": "1.52.0",
      "resolved": "https://userway-384064702811.d.codeartifact.us-west-2.amazonaws.com/npm/userway-npm/mime-db/-/mime-db-1.52.0.tgz",
      "integrity": "sha512-sPU4uV7dYlvtWJxwwxHD0PuihVNiE7TyAbQ5SWxDCB9mUYvOgroQOwYQQOKPJ8CIbE+1ETVlOoK1UC2nU3gYvg==",
      "engines": {
        "node": ">= 0.6"
      }
    },
    "node_modules/mime-types": {
      "version": "2.1.35",
      "resolved": "https://userway-384064702811.d.codeartifact.us-west-2.amazonaws.com/npm/userway-npm/mime-types/-/mime-types-2.1.35.tgz",
      "integrity": "sha512-ZDY+bPm5zTTF+YpCrAU9nK0UgICYPT0QtT1NZWFv4s++TNkcgVaT0g6+4R2uI4MjQjzysHB1zxuWL50hzaeXiw==",
      "dependencies": {
        "mime-db": "1.52.0"
      },
      "engines": {
        "node": ">= 0.6"
      }
    },
    "node_modules/once": {
      "version": "1.4.0",
      "resolved": "https://userway-384064702811.d.codeartifact.us-west-2.amazonaws.com/npm/userway-npm/once/-/once-1.4.0.tgz",
      "integrity": "sha512-lNaJgI+2Q5URQBkccEKHTQOPaXdUxnZZElQTZY0MFUAuaEqe1E+Nyvgdz/aIyNi6Z9MzO5dv1H8n58/GELp3+w==",
      "dependencies": {
        "wrappy": "1"
      }
    },
    "node_modules/proxy-from-env": {
      "version": "1.1.0",
      "resolved": "https://userway-384064702811.d.codeartifact.us-west-2.amazonaws.com/npm/userway-npm/proxy-from-env/-/proxy-from-env-1.1.0.tgz",
      "integrity": "sha512-D+zkORCbA9f1tdWRK0RaCR3GPv50cMxcrz4X8k5LTSUD1Dkw47mKJEZQNunItRTkWwgtaUSo1RVFRIG9ZXiFYg=="
    },
    "node_modules/tunnel": {
      "version": "0.0.6",
      "resolved": "https://userway-384064702811.d.codeartifact.us-west-2.amazonaws.com/npm/userway-npm/tunnel/-/tunnel-0.0.6.tgz",
      "integrity": "sha512-1h/Lnq9yajKY2PEbBadPXj3VxsDDu844OnaAo52UVmIzIvwwtBPIuNvkjuzBlTWpfJyUbG3ez0KSBibQkj4ojg==",
      "engines": {
        "node": ">=0.6.11 <=0.7.0 || >=0.7.3"
      }
    },
    "node_modules/typescript": {
      "version": "5.3.3",
      "resolved": "https://userway-384064702811.d.codeartifact.us-west-2.amazonaws.com/npm/userway-npm/typescript/-/typescript-5.3.3.tgz",
      "integrity": "sha512-pXWcraxM0uxAS+tN0AG/BF2TyqmHO014Z070UsJ+pFvYuRSq8KH8DmWpnbXe0pEPDHXZV3FcAbJkijJ5oNEnWw==",
      "dev": true,
      "bin": {
        "tsc": "bin/tsc",
        "tsserver": "bin/tsserver"
      },
      "engines": {
        "node": ">=14.17"
      }
    },
    "node_modules/undici": {
      "version": "5.28.3",
      "resolved": "https://userway-384064702811.d.codeartifact.us-west-2.amazonaws.com/npm/userway-npm/undici/-/undici-5.28.3.tgz",
      "integrity": "sha512-3ItfzbrhDlINjaP0duwnNsKpDQk3acHI3gVJ1z4fmwMK31k5G9OVIAMLSIaP6w4FaGkaAkN6zaQO9LUvZ1t7VA==",
      "dependencies": {
        "@fastify/busboy": "^2.0.0"
      },
      "engines": {
        "node": ">=14.0"
      }
    },
    "node_modules/undici-types": {
      "version": "5.26.5",
      "resolved": "https://userway-384064702811.d.codeartifact.us-west-2.amazonaws.com/npm/userway-npm/undici-types/-/undici-types-5.26.5.tgz",
      "integrity": "sha512-JlCMO+ehdEIKqlFxk6IfVoAUVmgz7cU7zD/h9XZ0qzeosSHmUJVOzSQvvYSYWXkFXC+IfLKSIffhv0sVZup6pA==",
      "dev": true
    },
    "node_modules/universal-user-agent": {
      "version": "6.0.1",
      "resolved": "https://userway-384064702811.d.codeartifact.us-west-2.amazonaws.com/npm/userway-npm/universal-user-agent/-/universal-user-agent-6.0.1.tgz",
      "integrity": "sha512-yCzhz6FN2wU1NiiQRogkTQszlQSlpWaw8SvVegAc+bDxbzHgh1vX8uIe8OYyMH6DwH+sdTJsgMl36+mSMdRJIQ=="
    },
    "node_modules/uuid": {
      "version": "8.3.2",
      "resolved": "https://userway-384064702811.d.codeartifact.us-west-2.amazonaws.com/npm/userway-npm/uuid/-/uuid-8.3.2.tgz",
      "integrity": "sha512-+NYs2QeMWy+GWFOEm9xnn6HCDp0l7QBD7ml8zLUmJ+93Q5NF0NocErnwkTkXVFNiX3/fpC6afS8Dhb/gz7R7eg==",
      "bin": {
        "uuid": "dist/bin/uuid"
      }
    },
    "node_modules/wrappy": {
      "version": "1.0.2",
      "resolved": "https://userway-384064702811.d.codeartifact.us-west-2.amazonaws.com/npm/userway-npm/wrappy/-/wrappy-1.0.2.tgz",
      "integrity": "sha512-l4Sp/DRseor9wL6EvV2+TuQn63dMkPjZ/sp9XkghTEbV9KlPS1xUsZ3u7/IQO4wxtcFB4bgpQPRcR3QCvezPcQ=="
    },
    "node_modules/zod": {
      "version": "3.22.4",
      "resolved": "https://userway-384064702811.d.codeartifact.us-west-2.amazonaws.com/npm/userway-npm/zod/-/zod-3.22.4.tgz",
      "integrity": "sha512-iC+8Io04lddc+mVqQ9AZ7OQ2MrUKGN+oIQyq1vemgt46jwCwLfhq7/pwnBnNXXXZb8VTVLKwp9EDkx+ryxIWmg==",
      "funding": {
        "url": "https://github.com/sponsors/colinhacks"
      }
    }
  }
}
